
Microsoft Visual Studio Solution File, Format Version 12.00
Project("{FAE04EC0-301F-11D3-BF4B-00C04F79EFBC}") = "rPulsar", "rPulsar\rPulsar.csproj", "{091619FA-A78B-4371-A27B-4E01CEFB271A}"
EndProject
Global
	GlobalSection(SolutionConfigurationPlatforms) = preSolution
		Debug|Any CPU = Debug|Any CPU
		Release|Any CPU = Release|Any CPU
	EndGlobalSection
	GlobalSection(ProjectConfigurationPlatforms) = postSolution
		{091619FA-A78B-4371-A27B-4E01CEFB271A}.Debug|Any CPU.ActiveCfg = Debug|Any CPU
		{091619FA-A78B-4371-A27B-4E01CEFB271A}.Debug|Any CPU.Build.0 = Debug|Any CPU
		{091619FA-A78B-4371-A27B-4E01CEFB271A}.Release|Any CPU.ActiveCfg = Release|Any CPU
		{091619FA-A78B-4371-A27B-4E01CEFB271A}.Release|Any CPU.Build.0 = Release|Any CPU
	EndGlobalSection
EndGlobal
